
Microsoft Visual Studio Solution File, Format Version 12.00
# Visual Studio Version 17
VisualStudioVersion = 17.10.35027.167
MinimumVisualStudioVersion = 10.0.40219.1
Project("{2150E333-8FDC-42A3-9474-1A3956D46DE8}") = "src", "src", "{582F66B3-2582-44FD-988D-72CA7A9599D8}"
EndProject
Project("{2150E333-8FDC-42A3-9474-1A3956D46DE8}") = "tests", "tests", "{4DB6652D-4E59-41D1-A073-ABFF72C26F15}"
EndProject
Project("{2150E333-8FDC-42A3-9474-1A3956D46DE8}") = "00 - Spa", "00 - Spa", "{E8EF2950-3D60-4907-B45D-5C74FB2B42DD}"
EndProject
Project("{2150E333-8FDC-42A3-9474-1A3956D46DE8}") = "01 - API", "01 - API", "{D133C0BB-E323-4001-9B9F-8769D2E51943}"
EndProject
Project("{2150E333-8FDC-42A3-9474-1A3956D46DE8}") = "02 - Business", "02 - Business", "{D842A57D-6168-43A6-BDC8-BD3BB24FCC1A}"
EndProject
Project("{54A90642-561A-4BB1-A94E-469ADEE60C69}") = "vehiclebidcalculator.client", "src\vehiclebidcalculator.client\vehiclebidcalculator.client.esproj", "{F93A164D-ED3A-4C4B-8518-A68057709E29}"
EndProject
Project("{9A19103F-16F7-4668-BE54-9A1E7A4F7556}") = "VehicleBidCalculator.Server", "src\VehicleBidCalculator.Server\VehicleBidCalculator.Server.csproj", "{F257C21F-7981-4E70-8BE8-27F701AE0F2F}"
EndProject
Project("{9A19103F-16F7-4668-BE54-9A1E7A4F7556}") = "VehicleBidCalculator.Business", "src\VehicleBidCalculator.Business\VehicleBidCalculator.Business.csproj", "{EA6D5C15-7644-4E49-BBD9-DB8D02FA9D48}"
EndProject
Project("{9A19103F-16F7-4668-BE54-9A1E7A4F7556}") = "VehicleBidCalculator.Domain", "src\VehicleBidCalculator.Domain\VehicleBidCalculator.Domain.csproj", "{5AA7FE51-DE78-47AF-912F-5D9C4F03B6BD}"
EndProject
Project("{9A19103F-16F7-4668-BE54-9A1E7A4F7556}") = "VehicleBidCalculator.Business.Tests", "tests\VehicleBidCalculator.Business.Tests\VehicleBidCalculator.Business.Tests.csproj", "{1C09E3EF-09B7-4017-BC2A-68C4AAEBBA58}"
EndProject
Project("{2150E333-8FDC-42A3-9474-1A3956D46DE8}") = "Solution Items", "Solution Items", "{643C86B7-C3D0-44A1-94E1-4C9A3C3C3D95}"
	ProjectSection(SolutionItems) = preProject
		.gitignore = .gitignore
		README.md = README.md
		visual-studio-start.png = visual-studio-start.png
	EndProjectSection
EndProject
Global
	GlobalSection(SolutionConfigurationPlatforms) = preSolution
		Debug|Any CPU = Debug|Any CPU
		Release|Any CPU = Release|Any CPU
	EndGlobalSection
	GlobalSection(ProjectConfigurationPlatforms) = postSolution
		{F93A164D-ED3A-4C4B-8518-A68057709E29}.Debug|Any CPU.ActiveCfg = Debug|Any CPU
		{F93A164D-ED3A-4C4B-8518-A68057709E29}.Debug|Any CPU.Build.0 = Debug|Any CPU
		{F93A164D-ED3A-4C4B-8518-A68057709E29}.Debug|Any CPU.Deploy.0 = Debug|Any CPU
		{F93A164D-ED3A-4C4B-8518-A68057709E29}.Release|Any CPU.ActiveCfg = Release|Any CPU
		{F93A164D-ED3A-4C4B-8518-A68057709E29}.Release|Any CPU.Build.0 = Release|Any CPU
		{F93A164D-ED3A-4C4B-8518-A68057709E29}.Release|Any CPU.Deploy.0 = Release|Any CPU
		{F257C21F-7981-4E70-8BE8-27F701AE0F2F}.Debug|Any CPU.ActiveCfg = Debug|Any CPU
		{F257C21F-7981-4E70-8BE8-27F701AE0F2F}.Debug|Any CPU.Build.0 = Debug|Any CPU
		{F257C21F-7981-4E70-8BE8-27F701AE0F2F}.Release|Any CPU.ActiveCfg = Release|Any CPU
		{F257C21F-7981-4E70-8BE8-27F701AE0F2F}.Release|Any CPU.Build.0 = Release|Any CPU
		{EA6D5C15-7644-4E49-BBD9-DB8D02FA9D48}.Debug|Any CPU.ActiveCfg = Debug|Any CPU
		{EA6D5C15-7644-4E49-BBD9-DB8D02FA9D48}.Debug|Any CPU.Build.0 = Debug|Any CPU
		{EA6D5C15-7644-4E49-BBD9-DB8D02FA9D48}.Release|Any CPU.ActiveCfg = Release|Any CPU
		{EA6D5C15-7644-4E49-BBD9-DB8D02FA9D48}.Release|Any CPU.Build.0 = Release|Any CPU
		{5AA7FE51-DE78-47AF-912F-5D9C4F03B6BD}.Debug|Any CPU.ActiveCfg = Debug|Any CPU
		{5AA7FE51-DE78-47AF-912F-5D9C4F03B6BD}.Debug|Any CPU.Build.0 = Debug|Any CPU
		{5AA7FE51-DE78-47AF-912F-5D9C4F03B6BD}.Release|Any CPU.ActiveCfg = Release|Any CPU
		{5AA7FE51-DE78-47AF-912F-5D9C4F03B6BD}.Release|Any CPU.Build.0 = Release|Any CPU
		{1C09E3EF-09B7-4017-BC2A-68C4AAEBBA58}.Debug|Any CPU.ActiveCfg = Debug|Any CPU
		{1C09E3EF-09B7-4017-BC2A-68C4AAEBBA58}.Debug|Any CPU.Build.0 = Debug|Any CPU
		{1C09E3EF-09B7-4017-BC2A-68C4AAEBBA58}.Release|Any CPU.ActiveCfg = Release|Any CPU
		{1C09E3EF-09B7-4017-BC2A-68C4AAEBBA58}.Release|Any CPU.Build.0 = Release|Any CPU
	EndGlobalSection
	GlobalSection(SolutionProperties) = preSolution
		HideSolutionNode = FALSE
	EndGlobalSection
	GlobalSection(NestedProjects) = preSolution
		{E8EF2950-3D60-4907-B45D-5C74FB2B42DD} = {582F66B3-2582-44FD-988D-72CA7A9599D8}
		{D133C0BB-E323-4001-9B9F-8769D2E51943} = {582F66B3-2582-44FD-988D-72CA7A9599D8}
		{D842A57D-6168-43A6-BDC8-BD3BB24FCC1A} = {582F66B3-2582-44FD-988D-72CA7A9599D8}
		{F93A164D-ED3A-4C4B-8518-A68057709E29} = {E8EF2950-3D60-4907-B45D-5C74FB2B42DD}
		{F257C21F-7981-4E70-8BE8-27F701AE0F2F} = {D133C0BB-E323-4001-9B9F-8769D2E51943}
		{EA6D5C15-7644-4E49-BBD9-DB8D02FA9D48} = {D842A57D-6168-43A6-BDC8-BD3BB24FCC1A}
		{5AA7FE51-DE78-47AF-912F-5D9C4F03B6BD} = {582F66B3-2582-44FD-988D-72CA7A9599D8}
		{1C09E3EF-09B7-4017-BC2A-68C4AAEBBA58} = {4DB6652D-4E59-41D1-A073-ABFF72C26F15}
	EndGlobalSection
	GlobalSection(ExtensibilityGlobals) = postSolution
		SolutionGuid = {1851C93C-CC62-4FBC-B2AC-10D33F6F8491}
	EndGlobalSection
EndGlobal
